// !$*UTF8*$!
{
	archiveVersion = 1;
	classes = {
	};
	objectVersion = 48;
	objects = {

/* Begin PBXBuildFile section */
		031E46D32016C93100DB0A36 /* CalenderView.xib in Resources */ = {isa = PBXBuildFile; fileRef = 031E46D22016C93100DB0A36 /* CalenderView.xib */; };
		031E46D5201705A000DB0A36 /* TaskList.swift in Sources */ = {isa = PBXBuildFile; fileRef = 031E46D4201705A000DB0A36 /* TaskList.swift */; };
		0371CFD2201025A300F43437 /* AppDelegate.swift in Sources */ = {isa = PBXBuildFile; fileRef = 0371CFD1201025A300F43437 /* AppDelegate.swift */; };
		0371CFD9201025A300F43437 /* Assets.xcassets in Resources */ = {isa = PBXBuildFile; fileRef = 0371CFD8201025A300F43437 /* Assets.xcassets */; };
		0371CFDC201025A300F43437 /* LaunchScreen.storyboard in Resources */ = {isa = PBXBuildFile; fileRef = 0371CFDA201025A300F43437 /* LaunchScreen.storyboard */; };
		0371CFE620102CDF00F43437 /* mainVC.swift in Sources */ = {isa = PBXBuildFile; fileRef = 0371CFE420102CDF00F43437 /* mainVC.swift */; };
		0371CFE720102CDF00F43437 /* mainVC.xib in Resources */ = {isa = PBXBuildFile; fileRef = 0371CFE520102CDF00F43437 /* mainVC.xib */; };
		0371CFEA2010377D00F43437 /* Task.swift in Sources */ = {isa = PBXBuildFile; fileRef = 0371CFE92010377D00F43437 /* Task.swift */; };
		0371CFF22011D63800F43437 /* CalenderVC.swift in Sources */ = {isa = PBXBuildFile; fileRef = 0371CFF12011D63800F43437 /* CalenderVC.swift */; };
		03BC626220158FE40093B828 /* CalenderVC.xib in Resources */ = {isa = PBXBuildFile; fileRef = 03BC626120158FE40093B828 /* CalenderVC.xib */; };
		D475C3CEC820DFF6E45225C4 /* Pods_TodayDo.framework in Frameworks */ = {isa = PBXBuildFile; fileRef = 215281610BE9866A4C2D0CE4 /* Pods_TodayDo.framework */; };
/* End PBXBuildFile section */

/* Begin PBXFileReference section */
		031E46D22016C93100DB0A36 /* CalenderView.xib */ = {isa = PBXFileReference; lastKnownFileType = file.xib; path = CalenderView.xib; sourceTree = "<group>"; };
		031E46D4201705A000DB0A36 /* TaskList.swift */ = {isa = PBXFileReference; lastKnownFileType = sourcecode.swift; path = TaskList.swift; sourceTree = "<group>"; };
		0371CFCE201025A300F43437 /* TodayDo.app */ = {isa = PBXFileReference; explicitFileType = wrapper.application; includeInIndex = 0; path = TodayDo.app; sourceTree = BUILT_PRODUCTS_DIR; };
		0371CFD1201025A300F43437 /* AppDelegate.swift */ = {isa = PBXFileReference; lastKnownFileType = sourcecode.swift; path = AppDelegate.swift; sourceTree = "<group>"; };
		0371CFD8201025A300F43437 /* Assets.xcassets */ = {isa = PBXFileReference; lastKnownFileType = folder.assetcatalog; path = Assets.xcassets; sourceTree = "<group>"; };
		0371CFDB201025A300F43437 /* Base */ = {isa = PBXFileReference; lastKnownFileType = file.storyboard; name = Base; path = Base.lproj/LaunchScreen.storyboard; sourceTree = "<group>"; };
		0371CFDD201025A300F43437 /* Info.plist */ = {isa = PBXFileReference; lastKnownFileType = text.plist.xml; path = Info.plist; sourceTree = "<group>"; };
		0371CFE420102CDF00F43437 /* mainVC.swift */ = {isa = PBXFileReference; lastKnownFileType = sourcecode.swift; path = mainVC.swift; sourceTree = "<group>"; };
		0371CFE520102CDF00F43437 /* mainVC.xib */ = {isa = PBXFileReference; lastKnownFileType = file.xib; path = mainVC.xib; sourceTree = "<group>"; };
		0371CFE92010377D00F43437 /* Task.swift */ = {isa = PBXFileReference; lastKnownFileType = sourcecode.swift; path = Task.swift; sourceTree = "<group>"; };
		0371CFF12011D63800F43437 /* CalenderVC.swift */ = {isa = PBXFileReference; lastKnownFileType = sourcecode.swift; path = CalenderVC.swift; sourceTree = "<group>"; };
		03BC626120158FE40093B828 /* CalenderVC.xib */ = {isa = PBXFileReference; lastKnownFileType = file.xib; path = CalenderVC.xib; sourceTree = "<group>"; };
		215281610BE9866A4C2D0CE4 /* Pods_TodayDo.framework */ = {isa = PBXFileReference; explicitFileType = wrapper.framework; includeInIndex = 0; path = Pods_TodayDo.framework; sourceTree = BUILT_PRODUCTS_DIR; };
		D7747519F364DB28C85CB391 /* Pods-TodayDo.debug.xcconfig */ = {isa = PBXFileReference; includeInIndex = 1; lastKnownFileType = text.xcconfig; name = "Pods-TodayDo.debug.xcconfig"; path = "Pods/Target Support Files/Pods-TodayDo/Pods-TodayDo.debug.xcconfig"; sourceTree = "<group>"; };
		FDA025AE795E7905ABF0244B /* Pods-TodayDo.release.xcconfig */ = {isa = PBXFileReference; includeInIndex = 1; lastKnownFileType = text.xcconfig; name = "Pods-TodayDo.release.xcconfig"; path = "Pods/Target Support Files/Pods-TodayDo/Pods-TodayDo.release.xcconfig"; sourceTree = "<group>"; };
/* End PBXFileReference section */

/* Begin PBXFrameworksBuildPhase section */
		0371CFCB201025A300F43437 /* Frameworks */ = {
			isa = PBXFrameworksBuildPhase;
			buildActionMask = 2147483647;
			files = (
				D475C3CEC820DFF6E45225C4 /* Pods_TodayDo.framework in Frameworks */,
			);
			runOnlyForDeploymentPostprocessing = 0;
		};
/* End PBXFrameworksBuildPhase section */

/* Begin PBXGroup section */
		0371CFC5201025A300F43437 = {
			isa = PBXGroup;
			children = (
				0371CFD0201025A300F43437 /* TodayDo */,
				0371CFCF201025A300F43437 /* Products */,
				4DF0A3715DDB719EFF9A5A65 /* Pods */,
				EDF062447837FFE104B9982E /* Frameworks */,
			);
			sourceTree = "<group>";
		};
		0371CFCF201025A300F43437 /* Products */ = {
			isa = PBXGroup;
			children = (
				0371CFCE201025A300F43437 /* TodayDo.app */,
			);
			name = Products;
			sourceTree = "<group>";
		};
		0371CFD0201025A300F43437 /* TodayDo */ = {
			isa = PBXGroup;
			children = (
				0371CFEB2011D08800F43437 /* lib */,
				0371CFE320102CC000F43437 /* Sources */,
				0371CFD1201025A300F43437 /* AppDelegate.swift */,
				0371CFD8201025A300F43437 /* Assets.xcassets */,
				0371CFDA201025A300F43437 /* LaunchScreen.storyboard */,
				0371CFDD201025A300F43437 /* Info.plist */,
			);
			path = TodayDo;
			sourceTree = "<group>";
		};
		0371CFE320102CC000F43437 /* Sources */ = {
			isa = PBXGroup;
			children = (
				0371CFE82010375900F43437 /* Model */,
				0371CFE420102CDF00F43437 /* mainVC.swift */,
				0371CFE520102CDF00F43437 /* mainVC.xib */,
				031E46D22016C93100DB0A36 /* CalenderView.xib */,
				0371CFF12011D63800F43437 /* CalenderVC.swift */,
				03BC626120158FE40093B828 /* CalenderVC.xib */,
			);
			path = Sources;
			sourceTree = "<group>";
		};
		0371CFE82010375900F43437 /* Model */ = {
			isa = PBXGroup;
			children = (
				0371CFE92010377D00F43437 /* Task.swift */,
				031E46D4201705A000DB0A36 /* TaskList.swift */,
			);
			path = Model;
			sourceTree = "<group>";
		};
		0371CFEB2011D08800F43437 /* lib */ = {
			isa = PBXGroup;
			children = (
			);
			path = lib;
			sourceTree = "<group>";
		};
		4DF0A3715DDB719EFF9A5A65 /* Pods */ = {
			isa = PBXGroup;
			children = (
				D7747519F364DB28C85CB391 /* Pods-TodayDo.debug.xcconfig */,
				FDA025AE795E7905ABF0244B /* Pods-TodayDo.release.xcconfig */,
			);
			name = Pods;
			sourceTree = "<group>";
		};
		EDF062447837FFE104B9982E /* Frameworks */ = {
			isa = PBXGroup;
			children = (
				215281610BE9866A4C2D0CE4 /* Pods_TodayDo.framework */,
			);
			name = Frameworks;
			sourceTree = "<group>";
		};
/* End PBXGroup section */

/* Begin PBXNativeTarget section */
		0371CFCD201025A300F43437 /* TodayDo */ = {
			isa = PBXNativeTarget;
			buildConfigurationList = 0371CFE0201025A300F43437 /* Build configuration list for PBXNativeTarget "TodayDo" */;
			buildPhases = (
				F33FCE39236F108F79506D64 /* [CP] Check Pods Manifest.lock */,
				0371CFCA201025A300F43437 /* Sources */,
				0371CFCB201025A300F43437 /* Frameworks */,
				0371CFCC201025A300F43437 /* Resources */,
				D1481BADD6C75F32E7322877 /* [CP] Embed Pods Frameworks */,
				5A1AB79F506CAB477898C451 /* [CP] Copy Pods Resources */,
			);
			buildRules = (
			);
			dependencies = (
			);
			name = TodayDo;
			productName = TodayDo;
			productReference = 0371CFCE201025A300F43437 /* TodayDo.app */;
			productType = "com.apple.product-type.application";
		};
/* End PBXNativeTarget section */

/* Begin PBXProject section */
		0371CFC6201025A300F43437 /* Project object */ = {
			isa = PBXProject;
			attributes = {
				LastSwiftUpdateCheck = 0920;
				LastUpgradeCheck = 0920;
				ORGANIZATIONNAME = "박지연";
				TargetAttributes = {
					0371CFCD201025A300F43437 = {
						CreatedOnToolsVersion = 9.2;
						ProvisioningStyle = Automatic;
					};
				};
			};
			buildConfigurationList = 0371CFC9201025A300F43437 /* Build configuration list for PBXProject "TodayDo" */;
			compatibilityVersion = "Xcode 8.0";
			developmentRegion = en;
			hasScannedForEncodings = 0;
			knownRegions = (
				en,
				Base,
			);
			mainGroup = 0371CFC5201025A300F43437;
			productRefGroup = 0371CFCF201025A300F43437 /* Products */;
			projectDirPath = "";
			projectRoot = "";
			targets = (
				0371CFCD201025A300F43437 /* TodayDo */,
			);
		};
/* End PBXProject section */

/* Begin PBXResourcesBuildPhase section */
		0371CFCC201025A300F43437 /* Resources */ = {
			isa = PBXResourcesBuildPhase;
			buildActionMask = 2147483647;
			files = (
				031E46D32016C93100DB0A36 /* CalenderView.xib in Resources */,
				0371CFDC201025A300F43437 /* LaunchScreen.storyboard in Resources */,
				0371CFD9201025A300F43437 /* Assets.xcassets in Resources */,
				03BC626220158FE40093B828 /* CalenderVC.xib in Resources */,
				0371CFE720102CDF00F43437 /* mainVC.xib in Resources */,
			);
			runOnlyForDeploymentPostprocessing = 0;
		};
/* End PBXResourcesBuildPhase section */

/* Begin PBXShellScriptBuildPhase section */
		5A1AB79F506CAB477898C451 /* [CP] Copy Pods Resources */ = {
			isa = PBXShellScriptBuildPhase;
			buildActionMask = 2147483647;
			files = (
			);
			inputPaths = (
			);
			name = "[CP] Copy Pods Resources";
			outputPaths = (
			);
			runOnlyForDeploymentPostprocessing = 0;
			shellPath = /bin/sh;
			shellScript = "\"${SRCROOT}/Pods/Target Support Files/Pods-TodayDo/Pods-TodayDo-resources.sh\"\n";
			showEnvVarsInLog = 0;
		};
		D1481BADD6C75F32E7322877 /* [CP] Embed Pods Frameworks */ = {
			isa = PBXShellScriptBuildPhase;
			buildActionMask = 2147483647;
			files = (
			);
			inputPaths = (
			);
			name = "[CP] Embed Pods Frameworks";
			outputPaths = (
			);
			runOnlyForDeploymentPostprocessing = 0;
			shellPath = /bin/sh;
			shellScript = "\"${SRCROOT}/Pods/Target Support Files/Pods-TodayDo/Pods-TodayDo-frameworks.sh\"\n";
			showEnvVarsInLog = 0;
		};
		F33FCE39236F108F79506D64 /* [CP] Check Pods Manifest.lock */ = {
			isa = PBXShellScriptBuildPhase;
			buildActionMask = 2147483647;
			files = (
			);
			inputPaths = (
			);
			name = "[CP] Check Pods Manifest.lock";
			outputPaths = (
			);
			runOnlyForDeploymentPostprocessing = 0;
			shellPath = /bin/sh;
			shellScript = "diff \"${PODS_PODFILE_DIR_PATH}/Podfile.lock\" \"${PODS_ROOT}/Manifest.lock\" > /dev/null\nif [ $? != 0 ] ; then\n    # print error to STDERR\n    echo \"error: The sandbox is not in sync with the Podfile.lock. Run 'pod install' or update your CocoaPods installation.\" >&2\n    exit 1\nfi\n";
			showEnvVarsInLog = 0;
		};
/* End PBXShellScriptBuildPhase section */

/* Begin PBXSourcesBuildPhase section */
		0371CFCA201025A300F43437 /* Sources */ = {
			isa = PBXSourcesBuildPhase;
			buildActionMask = 2147483647;
			files = (
				0371CFD2201025A300F43437 /* AppDelegate.swift in Sources */,
				031E46D5201705A000DB0A36 /* TaskList.swift in Sources */,
				0371CFEA2010377D00F43437 /* Task.swift in Sources */,
				0371CFF22011D63800F43437 /* CalenderVC.swift in Sources */,
				0371CFE620102CDF00F43437 /* mainVC.swift in Sources */,
			);
			runOnlyForDeploymentPostprocessing = 0;
		};
/* End PBXSourcesBuildPhase section */

/* Begin PBXVariantGroup section */
		0371CFDA201025A300F43437 /* LaunchScreen.storyboard */ = {
			isa = PBXVariantGroup;
			children = (
				0371CFDB201025A300F43437 /* Base */,
			);
			name = LaunchScreen.storyboard;
			sourceTree = "<group>";
		};
/* End PBXVariantGroup section */

/* Begin XCBuildConfiguration section */
		0371CFDE201025A300F43437 /* Debug */ = {
			isa = XCBuildConfiguration;
			buildSettings = {
				ALWAYS_SEARCH_USER_PATHS = NO;
				CLANG_ANALYZER_NONNULL = YES;
				CLANG_ANALYZER_NUMBER_OBJECT_CONVERSION = YES_AGGRESSIVE;
				CLANG_CXX_LANGUAGE_STANDARD = "gnu++14";
				CLANG_CXX_LIBRARY = "libc++";
				CLANG_ENABLE_MODULES = YES;
				CLANG_ENABLE_OBJC_ARC = YES;
				CLANG_WARN_BLOCK_CAPTURE_AUTORELEASING = YES;
				CLANG_WARN_BOOL_CONVERSION = YES;
				CLANG_WARN_COMMA = YES;
				CLANG_WARN_CONSTANT_CONVERSION = YES;
				CLANG_WARN_DIRECT_OBJC_ISA_USAGE = YES_ERROR;
				CLANG_WARN_DOCUMENTATION_COMMENTS = YES;
				CLANG_WARN_EMPTY_BODY = YES;
				CLANG_WARN_ENUM_CONVERSION = YES;
				CLANG_WARN_INFINITE_RECURSION = YES;
				CLANG_WARN_INT_CONVERSION = YES;
				CLANG_WARN_NON_LITERAL_NULL_CONVERSION = YES;
				CLANG_WARN_OBJC_LITERAL_CONVERSION = YES;
				CLANG_WARN_OBJC_ROOT_CLASS = YES_ERROR;
				CLANG_WARN_RANGE_LOOP_ANALYSIS = YES;
				CLANG_WARN_STRICT_PROTOTYPES = YES;
				CLANG_WARN_SUSPICIOUS_MOVE = YES;
				CLANG_WARN_UNGUARDED_AVAILABILITY = YES_AGGRESSIVE;
				CLANG_WARN_UNREACHABLE_CODE = YES;
				CLANG_WARN__DUPLICATE_METHOD_MATCH = YES;
				CODE_SIGN_IDENTITY = "iPhone Developer";
				COPY_PHASE_STRIP = NO;
				DEBUG_INFORMATION_FORMAT = dwarf;
				ENABLE_STRICT_OBJC_MSGSEND = YES;
				ENABLE_TESTABILITY = YES;
				GCC_C_LANGUAGE_STANDARD = gnu11;
				GCC_DYNAMIC_NO_PIC = NO;
				GCC_NO_COMMON_BLOCKS = YES;
				GCC_OPTIMIZATION_LEVEL = 0;
				GCC_PREPROCESSOR_DEFINITIONS = (
					"DEBUG=1",
					"$(inherited)",
				);
				GCC_WARN_64_TO_32_BIT_CONVERSION = YES;
				GCC_WARN_ABOUT_RETURN_TYPE = YES_ERROR;
				GCC_WARN_UNDECLARED_SELECTOR = YES;
				GCC_WARN_UNINITIALIZED_AUTOS = YES_AGGRESSIVE;
				GCC_WARN_UNUSED_FUNCTION = YES;
				GCC_WARN_UNUSED_VARIABLE = YES;
				IPHONEOS_DEPLOYMENT_TARGET = 11.2;
				MTL_ENABLE_DEBUG_INFO = YES;
				ONLY_ACTIVE_ARCH = YES;
				SDKROOT = iphoneos;
				SWIFT_ACTIVE_COMPILATION_CONDITIONS = DEBUG;
				SWIFT_OPTIMIZATION_LEVEL = "-Onone";
			};
			name = Debug;
		};
		0371CFDF201025A300F43437 /* Release */ = {
			isa = XCBuildConfiguration;
			buildSettings = {
				ALWAYS_SEARCH_USER_PATHS = NO;
				CLANG_ANALYZER_NONNULL = YES;
				CLANG_ANALYZER_NUMBER_OBJECT_CONVERSION = YES_AGGRESSIVE;
				CLANG_CXX_LANGUAGE_STANDARD = "gnu++14";
				CLANG_CXX_LIBRARY = "libc++";
				CLANG_ENABLE_MODULES = YES;
				CLANG_ENABLE_OBJC_ARC = YES;
				CLANG_WARN_BLOCK_CAPTURE_AUTORELEASING = YES;
				CLANG_WARN_BOOL_CONVERSION = YES;
				CLANG_WARN_COMMA = YES;
				CLANG_WARN_CONSTANT_CONVERSION = YES;
				CLANG_WARN_DIRECT_OBJC_ISA_USAGE = YES_ERROR;
				CLANG_WARN_DOCUMENTATION_COMMENTS = YES;
				CLANG_WARN_EMPTY_BODY = YES;
				CLANG_WARN_ENUM_CONVERSION = YES;
				CLANG_WARN_INFINITE_RECURSION = YES;
				CLANG_WARN_INT_CONVERSION = YES;
				CLANG_WARN_NON_LITERAL_NULL_CONVERSION = YES;
				CLANG_WARN_OBJC_LITERAL_CONVERSION = YES;
				CLANG_WARN_OBJC_ROOT_CLASS = YES_ERROR;
				CLANG_WARN_RANGE_LOOP_ANALYSIS = YES;
				CLANG_WARN_STRICT_PROTOTYPES = YES;
				CLANG_WARN_SUSPICIOUS_MOVE = YES;
				CLANG_WARN_UNGUARDED_AVAILABILITY = YES_AGGRESSIVE;
				CLANG_WARN_UNREACHABLE_CODE = YES;
				CLANG_WARN__DUPLICATE_METHOD_MATCH = YES;
				CODE_SIGN_IDENTITY = "iPhone Developer";
				COPY_PHASE_STRIP = NO;
				DEBUG_INFORMATION_FORMAT = "dwarf-with-dsym";
				ENABLE_NS_ASSERTIONS = NO;
				ENABLE_STRICT_OBJC_MSGSEND = YES;
				GCC_C_LANGUAGE_STANDARD = gnu11;
				GCC_NO_COMMON_BLOCKS = YES;
				GCC_WARN_64_TO_32_BIT_CONVERSION = YES;
				GCC_WARN_ABOUT_RETURN_TYPE = YES_ERROR;
				GCC_WARN_UNDECLARED_SELECTOR = YES;
				GCC_WARN_UNINITIALIZED_AUTOS = YES_AGGRESSIVE;
				GCC_WARN_UNUSED_FUNCTION = YES;
				GCC_WARN_UNUSED_VARIABLE = YES;
				IPHONEOS_DEPLOYMENT_TARGET = 11.2;
				MTL_ENABLE_DEBUG_INFO = NO;
				SDKROOT = iphoneos;
				SWIFT_OPTIMIZATION_LEVEL = "-Owholemodule";
				VALIDATE_PRODUCT = YES;
			};
			name = Release;
		};
		0371CFE1201025A300F43437 /* Debug */ = {
			isa = XCBuildConfiguration;
			baseConfigurationReference = D7747519F364DB28C85CB391 /* Pods-TodayDo.debug.xcconfig */;
			buildSettings = {
				ASSETCATALOG_COMPILER_APPICON_NAME = AppIcon;
				CODE_SIGN_STYLE = Automatic;
				DEVELOPMENT_TEAM = US3WT66NHZ;
				INFOPLIST_FILE = TodayDo/Info.plist;
				IPHONEOS_DEPLOYMENT_TARGET = 10.0;
				LD_RUNPATH_SEARCH_PATHS = "$(inherited) @executable_path/Frameworks";
				PRODUCT_BUNDLE_IDENTIFIER = com.mrbluetest.todaydo.ios;
				PRODUCT_NAME = "$(TARGET_NAME)";
				SWIFT_VERSION = 4.0;
				TARGETED_DEVICE_FAMILY = 1;
			};
			name = Debug;
		};
		0371CFE2201025A300F43437 /* Release */ = {
			isa = XCBuildConfiguration;
			baseConfigurationReference = FDA025AE795E7905ABF0244B /* Pods-TodayDo.release.xcconfig */;
			buildSettings = {
				ASSETCATALOG_COMPILER_APPICON_NAME = AppIcon;
				CODE_SIGN_STYLE = Automatic;
				DEVELOPMENT_TEAM = US3WT66NHZ;
				INFOPLIST_FILE = TodayDo/Info.plist;
				IPHONEOS_DEPLOYMENT_TARGET = 10.0;
				LD_RUNPATH_SEARCH_PATHS = "$(inherited) @executable_path/Frameworks";
				PRODUCT_BUNDLE_IDENTIFIER = com.mrbluetest.todaydo.ios;
				PRODUCT_NAME = "$(TARGET_NAME)";
				SWIFT_VERSION = 4.0;
				TARGETED_DEVICE_FAMILY = 1;
			};
			name = Release;
		};
/* End XCBuildConfiguration section */

/* Begin XCConfigurationList section */
		0371CFC9201025A300F43437 /* Build configuration list for PBXProject "TodayDo" */ = {
			isa = XCConfigurationList;
			buildConfigurations = (
				0371CFDE201025A300F43437 /* Debug */,
				0371CFDF201025A300F43437 /* Release */,
			);
			defaultConfigurationIsVisible = 0;
			defaultConfigurationName = Release;
		};
		0371CFE0201025A300F43437 /* Build configuration list for PBXNativeTarget "TodayDo" */ = {
			isa = XCConfigurationList;
			buildConfigurations = (
				0371CFE1201025A300F43437 /* Debug */,
				0371CFE2201025A300F43437 /* Release */,
			);
			defaultConfigurationIsVisible = 0;
			defaultConfigurationName = Release;
		};
/* End XCConfigurationList section */
	};
	rootObject = 0371CFC6201025A300F43437 /* Project object */;
}
